
Microsoft Visual Studio Solution File, Format Version 12.00
# Visual Studio Version 16
VisualStudioVersion = 16.0.30523.141
MinimumVisualStudioVersion = 10.0.40219.1
Project("{9A19103F-16F7-4668-BE54-9A1E7A4F7556}") = "APIExterna", "APIExterna\APIExterna.csproj", "{CAA8D72A-41CE-4E2A-9113-C8BE51677A15}"
EndProject
Project("{9A19103F-16F7-4668-BE54-9A1E7A4F7556}") = "APIInterna", "APIInterna\APIInterna.csproj", "{E9CD0CC7-EB55-4810-8DFF-53917774F228}"
EndProject
Project("{FAE04EC0-301F-11D3-BF4B-00C04F79EFBC}") = "AppCliente", "AppCliente\AppCliente.csproj", "{81F00A2D-2135-4ECA-ACF0-507B6F46B07C}"
EndProject
Global
	GlobalSection(SolutionConfigurationPlatforms) = preSolution
		Debug|Any CPU = Debug|Any CPU
		Release|Any CPU = Release|Any CPU
	EndGlobalSection
	GlobalSection(ProjectConfigurationPlatforms) = postSolution
		{CAA8D72A-41CE-4E2A-9113-C8BE51677A15}.Debug|Any CPU.ActiveCfg = Debug|Any CPU
		{CAA8D72A-41CE-4E2A-9113-C8BE51677A15}.Debug|Any CPU.Build.0 = Debug|Any CPU
		{CAA8D72A-41CE-4E2A-9113-C8BE51677A15}.Release|Any CPU.ActiveCfg = Release|Any CPU
		{CAA8D72A-41CE-4E2A-9113-C8BE51677A15}.Release|Any CPU.Build.0 = Release|Any CPU
		{E9CD0CC7-EB55-4810-8DFF-53917774F228}.Debug|Any CPU.ActiveCfg = Debug|Any CPU
		{E9CD0CC7-EB55-4810-8DFF-53917774F228}.Debug|Any CPU.Build.0 = Debug|Any CPU
		{E9CD0CC7-EB55-4810-8DFF-53917774F228}.Release|Any CPU.ActiveCfg = Release|Any CPU
		{E9CD0CC7-EB55-4810-8DFF-53917774F228}.Release|Any CPU.Build.0 = Release|Any CPU
		{81F00A2D-2135-4ECA-ACF0-507B6F46B07C}.Debug|Any CPU.ActiveCfg = Debug|Any CPU
		{81F00A2D-2135-4ECA-ACF0-507B6F46B07C}.Debug|Any CPU.Build.0 = Debug|Any CPU
		{81F00A2D-2135-4ECA-ACF0-507B6F46B07C}.Release|Any CPU.ActiveCfg = Release|Any CPU
		{81F00A2D-2135-4ECA-ACF0-507B6F46B07C}.Release|Any CPU.Build.0 = Release|Any CPU
	EndGlobalSection
	GlobalSection(SolutionProperties) = preSolution
		HideSolutionNode = FALSE
	EndGlobalSection
	GlobalSection(ExtensibilityGlobals) = postSolution
		SolutionGuid = {3761D4FA-5E59-41FC-8E8E-0D9D3B4240D9}
	EndGlobalSection
EndGlobal
